
Microsoft Visual Studio Solution File, Format Version 12.00
# Visual Studio Version 17
VisualStudioVersion = 17.0.32112.339
MinimumVisualStudioVersion = 10.0.40219.1
Project("{FAE04EC0-301F-11D3-BF4B-00C04F79EFBC}") = "22_Float_Dbl_Dml_PlcHldr", "22_Float_Dbl_Dml_PlcHldr\22_Float_Dbl_Dml_PlcHldr.csproj", "{0FE27AA4-5799-4E98-9F22-62C08753B662}"
EndProject
Global
	GlobalSection(SolutionConfigurationPlatforms) = preSolution
		Debug|Any CPU = Debug|Any CPU
		Release|Any CPU = Release|Any CPU
	EndGlobalSection
	GlobalSection(ProjectConfigurationPlatforms) = postSolution
		{0FE27AA4-5799-4E98-9F22-62C08753B662}.Debug|Any CPU.ActiveCfg = Debug|Any CPU
		{0FE27AA4-5799-4E98-9F22-62C08753B662}.Debug|Any CPU.Build.0 = Debug|Any CPU
		{0FE27AA4-5799-4E98-9F22-62C08753B662}.Release|Any CPU.ActiveCfg = Release|Any CPU
		{0FE27AA4-5799-4E98-9F22-62C08753B662}.Release|Any CPU.Build.0 = Release|Any CPU
	EndGlobalSection
	GlobalSection(SolutionProperties) = preSolution
		HideSolutionNode = FALSE
	EndGlobalSection
	GlobalSection(ExtensibilityGlobals) = postSolution
		SolutionGuid = {909BCD2D-C2F8-45AD-8FA4-1AAB7820C6CA}
	EndGlobalSection
EndGlobal
